
Microsoft Visual Studio Solution File, Format Version 12.00
# Visual Studio 2015
Project("{FAE04EC0-301F-11D3-BF4B-00C04F79EFBC}") = "Crossfire.Plugins", "Crossfire.Plugins.csproj", "{50E3D4FD-70D7-911B-89D0-C85862199415}"
EndProject
Project("{FAE04EC0-301F-11D3-BF4B-00C04F79EFBC}") = "Crossfire", "Crossfire.csproj", "{6462C973-F758-5EC6-0153-7F6DB114EDDA}"
EndProject
Project("{FAE04EC0-301F-11D3-BF4B-00C04F79EFBC}") = "Crossfire.Editor.Plugins", "Crossfire.Editor.Plugins.csproj", "{F8F214D8-D456-E293-94DE-93AFFA601374}"
EndProject
Project("{FAE04EC0-301F-11D3-BF4B-00C04F79EFBC}") = "Crossfire.Editor", "Crossfire.Editor.csproj", "{556627E7-0CA2-F1E0-5FF8-6B661724EC7B}"
EndProject
Global
	GlobalSection(SolutionConfigurationPlatforms) = preSolution
		Debug|Any CPU = Debug|Any CPU
		Release|Any CPU = Release|Any CPU
	EndGlobalSection
	GlobalSection(ProjectConfigurationPlatforms) = postSolution
		{50E3D4FD-70D7-911B-89D0-C85862199415}.Debug|Any CPU.ActiveCfg = Debug|Any CPU
		{50E3D4FD-70D7-911B-89D0-C85862199415}.Debug|Any CPU.Build.0 = Debug|Any CPU
		{50E3D4FD-70D7-911B-89D0-C85862199415}.Release|Any CPU.ActiveCfg = Release|Any CPU
		{50E3D4FD-70D7-911B-89D0-C85862199415}.Release|Any CPU.Build.0 = Release|Any CPU
		{6462C973-F758-5EC6-0153-7F6DB114EDDA}.Debug|Any CPU.ActiveCfg = Debug|Any CPU
		{6462C973-F758-5EC6-0153-7F6DB114EDDA}.Debug|Any CPU.Build.0 = Debug|Any CPU
		{6462C973-F758-5EC6-0153-7F6DB114EDDA}.Release|Any CPU.ActiveCfg = Release|Any CPU
		{6462C973-F758-5EC6-0153-7F6DB114EDDA}.Release|Any CPU.Build.0 = Release|Any CPU
		{F8F214D8-D456-E293-94DE-93AFFA601374}.Debug|Any CPU.ActiveCfg = Debug|Any CPU
		{F8F214D8-D456-E293-94DE-93AFFA601374}.Debug|Any CPU.Build.0 = Debug|Any CPU
		{F8F214D8-D456-E293-94DE-93AFFA601374}.Release|Any CPU.ActiveCfg = Release|Any CPU
		{F8F214D8-D456-E293-94DE-93AFFA601374}.Release|Any CPU.Build.0 = Release|Any CPU
		{556627E7-0CA2-F1E0-5FF8-6B661724EC7B}.Debug|Any CPU.ActiveCfg = Debug|Any CPU
		{556627E7-0CA2-F1E0-5FF8-6B661724EC7B}.Debug|Any CPU.Build.0 = Debug|Any CPU
		{556627E7-0CA2-F1E0-5FF8-6B661724EC7B}.Release|Any CPU.ActiveCfg = Release|Any CPU
		{556627E7-0CA2-F1E0-5FF8-6B661724EC7B}.Release|Any CPU.Build.0 = Release|Any CPU
	EndGlobalSection
	GlobalSection(SolutionProperties) = preSolution
		HideSolutionNode = FALSE
	EndGlobalSection
EndGlobal
